github.com/aws/aws-sdk-go v1.44.95 h1:QwmA+PeR6v4pF0f/dPHVPWGAshAhb9TnGZBTM5uKuI8=
github.com/aws/aws-sdk-go v1.44.95/go.mod h1:y4AeaBuwd2Lk+GepC1E9v0qOiTws0MIWAX4oIKwKHZo=
github.com/aws/aws-sdk-go v1.44.96 h1:S9paaqnJ0AJ95t5AB+iK8RM6YNZN0W0Lek1gOVJsEr8=
github.com/aws/aws-sdk-go v1.44.96/go.mod h1:y4AeaBuwd2Lk+GepC1E9v0qOiTws0MIWAX4oIKwKHZo=
github.com/aws/aws-sdk-go v1.44.97 h1:lxgxp7d6uuGsP7jHKIX3GHd7ExFigCIF04VuKf8XUII=
github.com/aws/aws-sdk-go v1.44.97/go.mod h1:y4AeaBuwd2Lk+GepC1E9v0qOiTws0MIWAX4oIKwKHZo=
github.com/aws/aws-sdk-go v1.44.98 h1:fX+NxebSdO/9T6DTNOLhpC+Vv6RNkKRfsMg0a7o/yBo=
github.com/aws/aws-sdk-go v1.44.98/go.mod h1:y4AeaBuwd2Lk+GepC1E9v0qOiTws0MIWAX4oIKwKHZo=
github.com/aws/aws-sdk-go v1.44.99 h1:ITZ9q/fmH+Ksaz2TbyMU2d19vOOWs/hAlt8NbXAieHw=
github.com/aws/aws-sdk-go v1.44.99/go.mod h1:y4AeaBuwd2Lk+GepC1E9v0qOiTws0MIWAX4oIKwKHZo=
github.com/aws/aws-sdk-go v1.44.100 h1:7I86bWNQB+HGDT5z/dJy61J7qgbgLoZ7O51C9eL6hrA=
github.com/aws/aws-sdk-go v1.44.100/go.mod h1:y4AeaBuwd2Lk+GepC1E9v0qOiTws0MIWAX4oIKwKHZo=
github.com/aws/aws-sdk-go v1.44.101 h1:O/em5aIxKI/FkwcWAFKEY+JhPDCRsqoVUC6xEF4tGic=
github.com/aws/aws-sdk-go v1.44.101/go.mod h1:y4AeaBuwd2Lk+GepC1E9v0qOiTws0MIWAX4oIKwKHZo=
github.com/aws/aws-sdk-go v1.44.102 h1:6tUCTGL2UDbFZae1TLGk8vTgeXuzkb8KbAe2FiAeKHc=
github.com/aws/aws-sdk-go v1.44.102/go.mod h1:y4AeaBuwd2Lk+GepC1E9v0qOiTws0MIWAX4oIKwKHZo=
github.com/aws/aws-sdk-go v1.44.103 h1:tbhBHKgiZSIUkG8FcHy3wYKpPVvp65Wn7ZiX0B8phpY=
github.com/aws/aws-sdk-go v1.44.103/go.mod h1:y4AeaBuwd2Lk+GepC1E9v0qOiTws0MIWAX4oIKwKHZo=
github.com/aws/aws-sdk-go v1.44.104 h1:NiPYL60aOSH0TsAzQngx/aBdxC12TXhgw07DQFh76GU=
github.com/aws/aws-sdk-go v1.44.104/go.mod h1:y4AeaBuwd2Lk+GepC1E9v0qOiTws0MIWAX4oIKwKHZo=
github.com/aws/aws-sdk-go v1.44.105 h1:UUwoD1PRKIj3ltrDUYTDQj5fOTK3XsnqolLpRTMmSEM=
github.com/aws/aws-sdk-go v1.44.105/go.mod h1:y4AeaBuwd2Lk+GepC1E9v0qOiTws0MIWAX4oIKwKHZo=
github.com/aws/aws-sdk-go v1.44.106 h1:FzINxRGt0gAzz01ixtKfkjiDOnnpd/uNbstW/qPW2QE=
github.com/aws/aws-sdk-go v1.44.106/go.mod h1:y4AeaBuwd2Lk+GepC1E9v0qOiTws0MIWAX4oIKwKHZo=
github.com/aws/aws-sdk-go v1.44.107 h1:VP7Rq3wzsOV7wrfHqjAAKRksD4We58PaoVSDPKhm8nw=
github.com/aws/aws-sdk-go v1.44.107/go.mod h1:y4AeaBuwd2Lk+GepC1E9v0qOiTws0MIWAX4oIKwKHZo=
github.com/aws/aws-sdk-go v1.44.108 h1:L8N9GmP9UYDNqBtJO6OC4zSuEkQxAR770VkbRXAUmRk=
github.com/aws/aws-sdk-go v1.44.108/go.mod h1:y4AeaBuwd2Lk+GepC1E9v0qOiTws0MIWAX4oIKwKHZo=
github.com/aws/aws-sdk-go v1.44.109 h1:+Na5JPeS0kiEHoBp5Umcuuf+IDqXqD0lXnM920E31YI=
github.com/aws/aws-sdk-go v1.44.109/go.mod h1:y4AeaBuwd2Lk+GepC1E9v0qOiTws0MIWAX4oIKwKHZo=
github.com/aws/aws-sdk-go v1.44.110 h1:unno3l2FYQo6p0wYCp9gUk8YNzhOxqSktM0Y1vukl9k=
github.com/aws/aws-sdk-go v1.44.110/go.mod h1:y4AeaBuwd2Lk+GepC1E9v0qOiTws0MIWAX4oIKwKHZo=
github.com/aws/aws-sdk-go v1.44.111 h1:AcWfOgeedSQ4gQVwcIe6aLxpQNJMloZQyqnr7Dzki+s=
github.com/aws/aws-sdk-go v1.44.111/go.mod h1:y4AeaBuwd2Lk+GepC1E9v0qOiTws0MIWAX4oIKwKHZo=
github.com/aws/aws-sdk-go v1.44.112 h1:AhwiWadvJGRlJb2cs5UnmCUhz2Nw7BgEo7YDz4M7xPY=
github.com/aws/aws-sdk-go v1.44.112/go.mod h1:y4AeaBuwd2Lk+GepC1E9v0qOiTws0MIWAX4oIKwKHZo=
github.com/aws/aws-sdk-go v1.44.113 h1:ZBrxWP9A2cUpVrzr7o6p1koBXNfBkJ6E94cUkIyBWt4=
github.com/aws/aws-sdk-go v1.44.113/go.mod h1:y4AeaBuwd2Lk+GepC1E9v0qOiTws0MIWAX4oIKwKHZo=
github.com/aws/aws-sdk-go v1.44.114 h1:plIkWc/RsHr3DXBj4MEw9sEW4CcL/e2ryokc+CKyq1I=
github.com/aws/aws-sdk-go v1.44.114/go.mod h1:y4AeaBuwd2Lk+GepC1E9v0qOiTws0MIWAX4oIKwKHZo=
github.com/aws/aws-sdk-go v1.44.115 h1:qFYIx97cT3k54Bn/lfM6idHbqRHILJyG0SY/0qlKiG0=
github.com/aws/aws-sdk-go v1.44.115/go.mod h1:y4AeaBuwd2Lk+GepC1E9v0qOiTws0MIWAX4oIKwKHZo=
github.com/aws/aws-sdk-go v1.44.116 h1:NpLIhcvLWXJZAEwvPj3TDHeqp7DleK6ZUVYyW01WNHY=
github.com/aws/aws-sdk-go v1.44.116/go.mod h1:y4AeaBuwd2Lk+GepC1E9v0qOiTws0MIWAX4oIKwKHZo=
github.com/aws/aws-sdk-go v1.44.117 h1:mZuODB3Y4soG9QWAXyGb2po+6Easa/enifpj4MnZ91s=
github.com/aws/aws-sdk-go v1.44.117/go.mod h1:y4AeaBuwd2Lk+GepC1E9v0qOiTws0MIWAX4oIKwKHZo=
github.com/aws/aws-sdk-go v1.44.118 h1:FJOqIRTukf7+Ulp047/k7JB6eqMXNnj7eb+coORThHQ=
github.com/aws/aws-sdk-go v1.44.118/go.mod h1:y4AeaBuwd2Lk+GepC1E9v0qOiTws0MIWAX4oIKwKHZo=
github.com/aws/aws-sdk-go v1.44.119 h1:TPkpDsanBMcZaF5wHwpKhjkapRV/b7d2qdC+a+IPbmY=
github.com/aws/aws-sdk-go v1.44.119/go.mod h1:y4AeaBuwd2Lk+GepC1E9v0qOiTws0MIWAX4oIKwKHZo=
github.com/aws/aws-sdk-go v1.44.120 h1:dsOxGf17H9hCVCA4aWpFWEcJMHkX+Uw7l4pGcxb27wM=
github.com/aws/aws-sdk-go v1.44.120/go.mod h1:y4AeaBuwd2Lk+GepC1E9v0qOiTws0MIWAX4oIKwKHZo=
github.com/aws/aws-sdk-go v1.44.121 h1:ahBRUqUp4qLyGmSM5KKn+TVpZkRmtuLxTWw+6Hq/ebs=
github.com/aws/aws-sdk-go v1.44.121/go.mod h1:y4AeaBuwd2Lk+GepC1E9v0qOiTws0MIWAX4oIKwKHZo=
github.com/aws/aws-sdk-go-v2 v1.16.14 h1:db6GvO4Z2UqHt5gvT0lr6J5x5P+oQ7bdRzczVaRekMU=
github.com/aws/aws-sdk-go-v2 v1.16.14/go.mod h1:s/G+UV29dECbF5rf+RNj1xhlmvoNurGSr+McVSRj59w=
github.com/aws/aws-sdk-go-v2 v1.16.15 h1:2sInOWGE4HV54R90Pj8QgqBBw3Qf1I0husqbqjPZzys=
github.com/aws/aws-sdk-go-v2 v1.16.15/go.mod h1:SwiyXi/1zTUZ6KIAmLK5V5ll8SiURNUYOqTerZPaF9k=
github.com/aws/aws-sdk-go-v2 v1.16.16 h1:M1fj4FE2lB4NzRb9Y0xdWsn2P0+2UHVxwKyOa4YJNjk=
github.com/aws/aws-sdk-go-v2 v1.16.16/go.mod h1:SwiyXi/1zTUZ6KIAmLK5V5ll8SiURNUYOqTerZPaF9k=
github.com/aws/aws-sdk-go-v2 v1.17.0 h1:kWm8OZGx0Zvd6PsOfjFtwbw7+uWYp65DK8suo7WVznw=
github.com/aws/aws-sdk-go-v2 v1.17.0/go.mod h1:SwiyXi/1zTUZ6KIAmLK5V5ll8SiURNUYOqTerZPaF9k=
github.com/aws/aws-sdk-go-v2/config v1.17.5 h1:+NS1BWvprx7nHcIk5o32LrZgifs/7Pm1V2nWjQgZ2H0=
github.com/aws/aws-sdk-go-v2/config v1.17.5/go.mod h1:H0cvPNDO3uExWts/9PDhD/0ne2esu1uaIulwn1vkwxM=
github.com/aws/aws-sdk-go-v2/config v1.17.6 h1:0xHMch3eQ2C8CByMEi0iJOLF+pTLoAQeHVfhFxN7eyk=
github.com/aws/aws-sdk-go-v2/config v1.17.6/go.mod h1:CrxsoI/AcKUoWyL9Zo0YaDxRlBfSnDZKBYKDdkNYDQ0=
github.com/aws/aws-sdk-go-v2/config v1.17.7 h1:odVM52tFHhpqZBKNjVW5h+Zt1tKHbhdTQRb+0WHrNtw=
github.com/aws/aws-sdk-go-v2/config v1.17.7/go.mod h1:dN2gja/QXxFF15hQreyrqYhLBaQo1d9ZKe/v/uplQoI=
github.com/aws/aws-sdk-go-v2/config v1.17.8 h1:b9LGqNnOdg9vR4Q43tBTVWk4J6F+W774MSchvKJsqnE=
github.com/aws/aws-sdk-go-v2/config v1.17.8/go.mod h1:UkCI3kb0sCdvtjiXYiU4Zx5h07BOpgBTtkPu/49r+kA=
github.com/aws/aws-sdk-go-v2/config v1.17.9 h1:PyqFD7DTmOx5gdvjFwZH2Tx0vivy+cJdM3SE3NVoWZc=
github.com/aws/aws-sdk-go-v2/config v1.17.9/go.mod h1:NGC2Ut1x1Gl+qBdh4uGdqRTDtk6f3qS8VQ45kEoyAvM=
github.com/aws/aws-sdk-go-v2/credentials v1.12.18 h1:HF62tbhARhgLfvmfwUbL9qZ+dkbZYzbFdxBb3l5gr7Q=
github.com/aws/aws-sdk-go-v2/credentials v1.12.18/go.mod h1:O7n/CPagQ33rfG6h7vR/W02ammuc5CrsSM22cNZp9so=
github.com/aws/aws-sdk-go-v2/credentials v1.12.19 h1:fYtSz4Fd0lUavtj4FAtvol9G2k0lh1TK4LfeP1hdnLw=
github.com/aws/aws-sdk-go-v2/credentials v1.12.19/go.mod h1:fRQMbLwSHPr0XRzuez6x7BX5+0nNQs5BzG+oR4bQKyY=
github.com/aws/aws-sdk-go-v2/credentials v1.12.20 h1:9+ZhlDY7N9dPnUmf7CDfW9In4sW5Ff3bh7oy4DzS1IE=
github.com/aws/aws-sdk-go-v2/credentials v1.12.20/go.mod h1:UKY5HyIux08bbNA7Blv4PcXQ8cTkGh7ghHMFklaviR4=
github.com/aws/aws-sdk-go-v2/credentials v1.12.21 h1:4tjlyCD0hRGNQivh5dN8hbP30qQhMLBE/FgQR1vHHWM=
github.com/aws/aws-sdk-go-v2/credentials v1.12.21/go.mod h1:O+4XyAt4e+oBAoIwNUYkRg3CVMscaIJdmZBOcPgJ8D8=
github.com/aws/aws-sdk-go-v2/credentials v1.12.22 h1:HPig9ugqH7Eyf2aqNVAPOCp3L/N2vlQ/IiaTxwcrH8U=
github.com/aws/aws-sdk-go-v2/credentials v1.12.22/go.mod h1:XfHZqa+J1j2Am2GHrsWtg24tnkFkKxmWbWWel+W1zp0=
github.com/aws/aws-sdk-go-v2/feature/ec2/imds v1.12.15 h1:nkQ+aI0OCeYfzrBipL6ja/6VEbUnHQoZHBHtoK+Nzxw=
github.com/aws/aws-sdk-go-v2/feature/ec2/imds v1.12.15/go.mod h1:Oz2/qWINxIgSmoZT9adpxJy2UhpcOAI3TIyWgYMVSz0=
github.com/aws/aws-sdk-go-v2/feature/ec2/imds v1.12.16 h1:LX38v4cqSqrBETHUBnc8B+N6p5YA41GaPQ3jwICjetI=
github.com/aws/aws-sdk-go-v2/feature/ec2/imds v1.12.16/go.mod h1:lnJ8tKos2s7JeBdLVFknwVSlQZAKzkgrFNQmUaTWwRQ=
github.com/aws/aws-sdk-go-v2/feature/ec2/imds v1.12.17 h1:r08j4sbZu/RVi+BNxkBJwPMUYY3P8mgSDuKkZ/ZN1lE=
github.com/aws/aws-sdk-go-v2/feature/ec2/imds v1.12.17/go.mod h1:yIkQcCDYNsZfXpd5UX2Cy+sWA1jPgIhGTw9cOBzfVnQ=
github.com/aws/aws-sdk-go-v2/feature/ec2/imds v1.12.18 h1:63dqlW4EI4nfhmXJOUqP0zIaGEHoRPn1ahLz8hUOWrQ=
github.com/aws/aws-sdk-go-v2/feature/ec2/imds v1.12.18/go.mod h1:O3tSoDcot3jy62HNmq7ms16dPHQMR6nqQxooj8T53tI=
github.com/aws/aws-sdk-go-v2/internal/configsources v1.1.21 h1:gRIXnmAVNyoRQywdNtpAkgY+f30QNzgF53Q5OobNZZs=
github.com/aws/aws-sdk-go-v2/internal/configsources v1.1.21/go.mod h1:XsmHMV9c512xgsW01q7H0ut+UQQQpWX8QsFbdLHDwaU=
github.com/aws/aws-sdk-go-v2/internal/configsources v1.1.22 h1:pE27/u2A7JlwICjOvONQDob8PToShRTkuiUE74ymVWg=
github.com/aws/aws-sdk-go-v2/internal/configsources v1.1.22/go.mod h1:/vNv5Al0bpiF8YdX2Ov6Xy05VTiXsql94yUqJMYaj0w=
github.com/aws/aws-sdk-go-v2/internal/configsources v1.1.23 h1:s4g/wnzMf+qepSNgTvaQQHNxyMLKSawNhKCPNy++2xY=
github.com/aws/aws-sdk-go-v2/internal/configsources v1.1.23/go.mod h1:2DFxAQ9pfIRy0imBCJv+vZ2X6RKxves6fbnEuSry6b4=
github.com/aws/aws-sdk-go-v2/internal/configsources v1.1.24 h1:WFIoN2kiF95/4z4HNcJ9F9B0xFV0vrPlUOf3+uNIujM=
github.com/aws/aws-sdk-go-v2/internal/configsources v1.1.24/go.mod h1:ghMzB/j2wRbPx5/4jPYxJdOtCG2ggrtY01j8K7FMBDA=
github.com/aws/aws-sdk-go-v2/internal/endpoints/v2 v2.4.15 h1:noAhOo2mMDyYhTx99aYPvQw16T3fQ/DiKAv9fzpIKH8=
github.com/aws/aws-sdk-go-v2/internal/endpoints/v2 v2.4.15/go.mod h1:kjJ4CyD9M3Wq88GYg3IPfj67Rs0Uvz8aXK7MJ8BvE4I=
github.com/aws/aws-sdk-go-v2/internal/endpoints/v2 v2.4.16 h1:L5LKGHHXOl4t7+5QZMTl38GIzSAq07XUTRtEquiHGMA=
github.com/aws/aws-sdk-go-v2/internal/endpoints/v2 v2.4.16/go.mod h1:62dsXI0BqTIGomDl8Hpm33dv0OntGaVblri3ZRParVQ=
github.com/aws/aws-sdk-go-v2/internal/endpoints/v2 v2.4.17 h1:/K482T5A3623WJgWT8w1yRAFK4RzGzEl7y39yhtn9eA=
github.com/aws/aws-sdk-go-v2/internal/endpoints/v2 v2.4.17/go.mod h1:pRwaTYCJemADaqCbUAxltMoHKata7hmB5PjEXeu0kfg=
github.com/aws/aws-sdk-go-v2/internal/endpoints/v2 v2.4.18 h1:c2RKF0UvfdVI6epHtFjDujlbiK+VeY85dP1i4gmYc5w=
github.com/aws/aws-sdk-go-v2/internal/endpoints/v2 v2.4.18/go.mod h1:fkQKYK/jUhCL/wNS1tOPrlYhr9vqutjCz4zZC1wBE1s=
github.com/aws/aws-sdk-go-v2/internal/ini v1.3.22 h1:nF+E8HfYpOMw6M5oA9efB602VC00IHNQnB5CmFvZPvA=
github.com/aws/aws-sdk-go-v2/internal/ini v1.3.22/go.mod h1:tltHVGy977LrSOgRR5aV9+miyno/Gul/uJNPKS7FzP4=
github.com/aws/aws-sdk-go-v2/internal/ini v1.3.23 h1:Sy266MXyLZZbObFhStGF9dyJm5nFyA8LINTgNm4Q6Ds=
github.com/aws/aws-sdk-go-v2/internal/ini v1.3.23/go.mod h1:XtEkQMmxls+Tb5dZLmpa1QAk0OzSIFDAXanC9Jkf81E=
github.com/aws/aws-sdk-go-v2/internal/ini v1.3.24 h1:wj5Rwc05hvUSvKuOF29IYb9QrCLjU+rHAy/x/o0DK2c=
github.com/aws/aws-sdk-go-v2/internal/ini v1.3.24/go.mod h1:jULHjqqjDlbyTa7pfM7WICATnOv+iOhjletM3N0Xbu8=
github.com/aws/aws-sdk-go-v2/internal/ini v1.3.25 h1:q4TXoep+lPTJneYxlIdcBrlGmTrhfNwrfkdBt1+HqzA=
github.com/aws/aws-sdk-go-v2/internal/ini v1.3.25/go.mod h1:9uX0Ksj6Zmsd3iQIyVkwkPWUqhPF6TxT/t8zYwUiQEU=
github.com/aws/aws-sdk-go-v2/service/ec2 v1.54.4 h1:YzVHUh2n817PJsTyE64ZXrO7tHiLz7rCN6P/hIIWEo0=
github.com/aws/aws-sdk-go-v2/service/ec2 v1.54.4/go.mod h1:p5AOIjPAhnxZwHRkI+kiG7X5uSXz3sPWbIjsRjsVJ/U=
github.com/aws/aws-sdk-go-v2/service/ec2 v1.55.0 h1:jiHK9l9bXlGtMUWXvfie47APZBH7+m3RIXq5DosTh5A=
github.com/aws/aws-sdk-go-v2/service/ec2 v1.55.0/go.mod h1:Bl5Z601fnOyT/kXwCNwGS2tceQRuaJqwGhaMjd3c2v8=
github.com/aws/aws-sdk-go-v2/service/ec2 v1.56.0 h1:CiXjbIeyhS1LrILObxZqr0Wn3G+VlbALOVRHW23B9xw=
github.com/aws/aws-sdk-go-v2/service/ec2 v1.56.0/go.mod h1:Bl5Z601fnOyT/kXwCNwGS2tceQRuaJqwGhaMjd3c2v8=
github.com/aws/aws-sdk-go-v2/service/ec2 v1.57.0 h1:Ci3E3f2lGRXc+9djl/72LIaOkUnrJsW65P+j4rIlS0M=
github.com/aws/aws-sdk-go-v2/service/ec2 v1.57.0/go.mod h1:Bl5Z601fnOyT/kXwCNwGS2tceQRuaJqwGhaMjd3c2v8=
github.com/aws/aws-sdk-go-v2/service/ec2 v1.58.0 h1:FmF4gZwH8PinO1zjePGVu7vIhhA6XIBJ6dZb7jcZ5kc=
github.com/aws/aws-sdk-go-v2/service/ec2 v1.58.0/go.mod h1:0+6fPoY0SglgzQUs2yml7X/fup12cMlVumJufh5npRQ=
github.com/aws/aws-sdk-go-v2/service/ec2 v1.59.0 h1:irVeIeB8wFUYiKEcEZlN6dF48QS1Kag2m2wts4Ihqw0=
github.com/aws/aws-sdk-go-v2/service/ec2 v1.59.0/go.mod h1:0+6fPoY0SglgzQUs2yml7X/fup12cMlVumJufh5npRQ=
github.com/aws/aws-sdk-go-v2/service/ec2 v1.60.0 h1:dmfD648U3QDSQQ+HI4V/LQDkWMZCVD2MRZzjd8dcxSk=
github.com/aws/aws-sdk-go-v2/service/ec2 v1.60.0/go.mod h1:0+6fPoY0SglgzQUs2yml7X/fup12cMlVumJufh5npRQ=
github.com/aws/aws-sdk-go-v2/service/ec2 v1.61.0 h1:6F++4lCnZHrpEW4kb0Rs56psH9cr/2xpOlMcKy6aSDo=
github.com/aws/aws-sdk-go-v2/service/ec2 v1.61.0/go.mod h1:0+6fPoY0SglgzQUs2yml7X/fup12cMlVumJufh5npRQ=
github.com/aws/aws-sdk-go-v2/service/ec2 v1.62.0 h1:mwRDxNTSBoh4lCJ6F8LXnrqNIrqz6DKmy3QQTiOCiEs=
github.com/aws/aws-sdk-go-v2/service/ec2 v1.62.0/go.mod h1:0+6fPoY0SglgzQUs2yml7X/fup12cMlVumJufh5npRQ=
github.com/aws/aws-sdk-go-v2/service/ec2 v1.63.0 h1:9ailn+011zwUJdS8RuamANJVAyX+aoUyTaBrw0CHRdE=
github.com/aws/aws-sdk-go-v2/service/ec2 v1.63.0/go.mod h1:0+6fPoY0SglgzQUs2yml7X/fup12cMlVumJufh5npRQ=
github.com/aws/aws-sdk-go-v2/service/ec2 v1.63.1 h1:jSS5gynKz4XaGcs6m25idCTN+tvPkRJ2WedSWCcZEjI=
github.com/aws/aws-sdk-go-v2/service/ec2 v1.63.1/go.mod h1:0+6fPoY0SglgzQUs2yml7X/fup12cMlVumJufh5npRQ=
github.com/aws/aws-sdk-go-v2/service/elasticloadbalancingv2 v1.18.17 h1:aGtbr5HNb9E1xzDAuWK5kAECH2BtwzFdoQx8lKnKuDc=
github.com/aws/aws-sdk-go-v2/service/elasticloadbalancingv2 v1.18.17/go.mod h1:n+QeyxC6AvbThk1qqU0pBOBDbZewYcHgR59pRDNTQjw=
github.com/aws/aws-sdk-go-v2/service/elasticloadbalancingv2 v1.18.18 h1:9RjkJnlsEk7R2qkDgPZEUAU84XO9N6WTh1wGGmk9Z6s=
github.com/aws/aws-sdk-go-v2/service/elasticloadbalancingv2 v1.18.18/go.mod h1:x5CfUawEmoBVOWplwsP/L46xLdbJ//S27NZaOsxwgSY=
github.com/aws/aws-sdk-go-v2/service/elasticloadbalancingv2 v1.18.19 h1:vPyIPoJUCiyUOv2TeRGWdLqf14qUp8tuTQ6bJo6ykbY=
github.com/aws/aws-sdk-go-v2/service/elasticloadbalancingv2 v1.18.19/go.mod h1:tAKN3/tWkL0P+WA44wSkNyk6wWcbHUfTV2F3j3o6Yhs=
github.com/aws/aws-sdk-go-v2/service/elasticloadbalancingv2 v1.18.20 h1:dJngzOIJ6J8lVzsEiPQwB5nTL5UjwuYjiHflORBnobE=
github.com/aws/aws-sdk-go-v2/service/elasticloadbalancingv2 v1.18.20/go.mod h1:tAKN3/tWkL0P+WA44wSkNyk6wWcbHUfTV2F3j3o6Yhs=
github.com/aws/aws-sdk-go-v2/service/internal/presigned-url v1.9.15 h1:xlf0J6DUgAj/ocvKQxCmad8Bu1lJuRbt5Wu+4G1xw1g=
github.com/aws/aws-sdk-go-v2/service/internal/presigned-url v1.9.15/go.mod h1:ZVJ7ejRl4+tkWMuCwjXoy0jd8fF5u3RCyWjSVjUIvQE=
github.com/aws/aws-sdk-go-v2/service/internal/presigned-url v1.9.16 h1:9jysIwpUt7KGdsKOl+zA+0pG+7MpSsi0KQUcbE48n38=
github.com/aws/aws-sdk-go-v2/service/internal/presigned-url v1.9.16/go.mod h1:faBcf/4ZB4FRc17geaXWOxgzktotyJgBcUBZoHqvdfM=
github.com/aws/aws-sdk-go-v2/service/internal/presigned-url v1.9.17 h1:Jrd/oMh0PKQc6+BowB+pLEwLIgaQF29eYbe7E1Av9Ug=
github.com/aws/aws-sdk-go-v2/service/internal/presigned-url v1.9.17/go.mod h1:4nYOrY41Lrbk2170/BGkcJKBhws9Pfn8MG3aGqjjeFI=
github.com/aws/aws-sdk-go-v2/service/internal/presigned-url v1.9.18 h1:5oiCDEOHnYkk7uTVI8Wv6ftdFfb6YlUUNzkeePVIPjY=
github.com/aws/aws-sdk-go-v2/service/internal/presigned-url v1.9.18/go.mod h1:QtCDHDOXunxeihz7iU15e09u9gRIeaa5WeE6FZVnGUo=
github.com/aws/aws-sdk-go-v2/service/rds v1.25.5 h1:MCEH1CnQZzXzUgr4qAzo1KJobVU+8p1mlNsU5pgM4nc=
github.com/aws/aws-sdk-go-v2/service/rds v1.25.5/go.mod h1:vxlyLxFwlDDp8Nsqn2dBVeFQmD9zBn+C1hKxcM+n21k=
github.com/aws/aws-sdk-go-v2/service/rds v1.25.6 h1:E2poNDF2DdVfY4gl1O5lCjJXqjxP0jKnDdecA5FPywA=
github.com/aws/aws-sdk-go-v2/service/rds v1.25.6/go.mod h1:tJodVcu1rd0eEo0IerofTKb+X4QbWt57U0Qe0+hoDUA=
github.com/aws/aws-sdk-go-v2/service/rds v1.26.0 h1:3WNhCzrdbSQV+FrqN57MYpclePvKf+D7gNjTX82GC10=
github.com/aws/aws-sdk-go-v2/service/rds v1.26.0/go.mod h1:tJodVcu1rd0eEo0IerofTKb+X4QbWt57U0Qe0+hoDUA=
github.com/aws/aws-sdk-go-v2/service/rds v1.26.1 h1:tiXsw36GaRUWMcH5uRM2uM7vo+bNsa1mEOn68ZOBjWA=
github.com/aws/aws-sdk-go-v2/service/rds v1.26.1/go.mod h1:d8jJiNpy2cyl52sw5msQQ12ajEbPAK+twYPR7J35slw=
github.com/aws/aws-sdk-go-v2/service/sso v1.11.21 h1:7jUFr+7F4MzIjCZzy7ygRtXFQcQ0kAbT0gUvtUeAdyU=
github.com/aws/aws-sdk-go-v2/service/sso v1.11.21/go.mod h1:q8nYq51W3gpZempYsAD83fPRlrOTMCwN+Ahg4BKFTXQ=
github.com/aws/aws-sdk-go-v2/service/sso v1.11.22 h1:LrEyMbp0gMiXVaXpJ67jJkkqKCxivZvOd6wgXem0bWA=
github.com/aws/aws-sdk-go-v2/service/sso v1.11.22/go.mod h1:B2nDzX7lppT8j4EV2/WhT20SnRDp/LdNyqxyGYY46Ow=
github.com/aws/aws-sdk-go-v2/service/sso v1.11.23 h1:pwvCchFUEnlceKIgPUouBJwK81aCkQ8UDMORfeFtW10=
github.com/aws/aws-sdk-go-v2/service/sso v1.11.23/go.mod h1:/w0eg9IhFGjGyyncHIQrXtU8wvNsTJOP0R6PPj0wf80=
github.com/aws/aws-sdk-go-v2/service/sso v1.11.24 h1:tNfD0JI7VKcIcEzYeIAXCIr8qnoq6DACg3QRt50ofOY=
github.com/aws/aws-sdk-go-v2/service/sso v1.11.24/go.mod h1:7ZC+G3rX2IsGKIhiGDFiul7rgZPApvFy3dDJO7wKtno=
github.com/aws/aws-sdk-go-v2/service/ssooidc v1.13.3 h1:UTTPNP3/WzZa7hoHP3Szb/Yl0bM3NoBrf5ABy1OArUM=
github.com/aws/aws-sdk-go-v2/service/ssooidc v1.13.3/go.mod h1:+IF75RMJh0+zqTGXGshyEGRsU2ImqWv6UuHGkHl6kEo=
github.com/aws/aws-sdk-go-v2/service/ssooidc v1.13.4 h1:d7Wh4xMQVVYfrJ1KHFGQ6jY/O51LjnTCWJgh85RT+TQ=
github.com/aws/aws-sdk-go-v2/service/ssooidc v1.13.4/go.mod h1:mOofcMJCDSJwmtZykUE/i6tWGNwMnkextriwzY1zcbc=
github.com/aws/aws-sdk-go-v2/service/ssooidc v1.13.5 h1:GUnZ62TevLqIoDyHeiWj2P7EqaosgakBKVvWriIdLQY=
github.com/aws/aws-sdk-go-v2/service/ssooidc v1.13.5/go.mod h1:csZuQY65DAdFBt1oIjO5hhBR49kQqop4+lcuCjf2arA=
github.com/aws/aws-sdk-go-v2/service/ssooidc v1.13.6 h1:OwhhKc1P9ElfWbMKPIbMMZBV6hzJlL2JKD76wNNVzgQ=
github.com/aws/aws-sdk-go-v2/service/ssooidc v1.13.6/go.mod h1:csZuQY65DAdFBt1oIjO5hhBR49kQqop4+lcuCjf2arA=
github.com/aws/aws-sdk-go-v2/service/ssooidc v1.13.7 h1:q2FDE8cl8rTPqgrTT0dF7xzIfGAwLMh2P+nU7F2CqVs=
github.com/aws/aws-sdk-go-v2/service/ssooidc v1.13.7/go.mod h1:sPh8yf7vmBOI/L9fqP55uq+T9WVoxnqrHMqyvgYC/gA=
github.com/aws/aws-sdk-go-v2/service/sts v1.16.17 h1:LVM2jzEQ8mhb2dhrFl4PJ3sa5+KcKT01dsMk2Ma9/FU=
github.com/aws/aws-sdk-go-v2/service/sts v1.16.17/go.mod h1:bQujK1n0V1D1Gz5uII1jaB1WDvhj4/T3tElsJnVXCR0=
github.com/aws/aws-sdk-go-v2/service/sts v1.16.18 h1:TqEvnK8OceCKNQaDK9d5Ir2bOtC0S0dRQCwSbkV1rz0=
github.com/aws/aws-sdk-go-v2/service/sts v1.16.18/go.mod h1:AE4zMc8qCw1JnDvy0ZrDVb/OXRuuweG3BcT2Nv7Qh3E=
github.com/aws/aws-sdk-go-v2/service/sts v1.16.19 h1:9pPi0PsFNAGILFfPCk8Y0iyEBGc6lu6OQ97U7hmdesg=
github.com/aws/aws-sdk-go-v2/service/sts v1.16.19/go.mod h1:h4J3oPZQbxLhzGnk+j9dfYHi5qIOVJ5kczZd658/ydM=
github.com/aws/aws-sdk-go-v2/service/sts v1.17.0 h1:9S0HcZUxKcU3HdN+M6GgLIvdbg9as5aOoHrvwRsPNYU=
github.com/aws/aws-sdk-go-v2/service/sts v1.17.0/go.mod h1:9pZN58zQc5a4Dkdnhu/rI1lNBui1vP5B0giGCuUt2b0=
github.com/aws/smithy-go v1.13.2 h1:TBLKyeJfXTrTXRHmsv4qWt9IQGYyWThLYaJWSahTOGE=
github.com/aws/smithy-go v1.13.2/go.mod h1:Tg+OJXh4MB2R/uN61Ko2f6hTZwB/ZYGOtib8J3gBHzA=
github.com/aws/smithy-go v1.13.3 h1:l7LYxGuzK6/K+NzJ2mC+VvLUbae0sL3bXU//04MkmnA=
github.com/aws/smithy-go v1.13.3/go.mod h1:Tg+OJXh4MB2R/uN61Ko2f6hTZwB/ZYGOtib8J3gBHzA=
github.com/cantara/bragi v0.5.4 h1:Tr0gZ01SwJYX1IvOAVErNY7Zc+bAFzarCde8WRqRxBE=
github.com/cantara/bragi v0.5.4/go.mod h1:UG6GZBNRGKiMkl2EwlKMQ1tWj2l/9bcXSIzG1b/jVC8=
github.com/creack/pty v1.1.9/go.mod h1:oKZEueFk5CKHvIhNR5MUki03XCEU+Q6VDXinZuGJ33E=
github.com/davecgh/go-spew v1.1.0/go.mod h1:J7Y8YcW2NihsgmVo/mv3lAwl/skON4iLHjSsI+c5H38=
github.com/davecgh/go-spew v1.1.1 h1:vj9j/u1bqnvCEfJOwUhtlOARqs3+rkHYY13jYWTU97c=
github.com/davecgh/go-spew v1.1.1/go.mod h1:J7Y8YcW2NihsgmVo/mv3lAwl/skON4iLHjSsI+c5H38=
github.com/gin-contrib/cors v1.4.0 h1:oJ6gwtUl3lqV0WEIwM/LxPF1QZ5qe2lGWdY2+bz7y0g=
github.com/gin-contrib/cors v1.4.0/go.mod h1:bs9pNM0x/UsmHPBWT2xZz9ROh8xYjYkiURUfmBoMlcs=
github.com/gin-contrib/sse v0.1.0 h1:Y/yl/+YNO8GZSjAhjMsSuLt29uWRFHdHYUb5lYOV9qE=
github.com/gin-contrib/sse v0.1.0/go.mod h1:RHrZQHXnP2xjPF+u1gW/2HnVO7nvIa9PG3Gm+fLHvGI=
github.com/gin-gonic/gin v1.8.1 h1:4+fr/el88TOO3ewCmQr8cx/CtZ/umlIRIs5M4NTNjf8=
github.com/gin-gonic/gin v1.8.1/go.mod h1:ji8BvRH1azfM+SYow9zQ6SZMvR8qOMZHmsCuWR9tTTk=
github.com/go-playground/assert/v2 v2.0.1 h1:MsBgLAaY856+nPRTKrp3/OZK38U/wa0CcBYNjji3q3A=
github.com/go-playground/assert/v2 v2.0.1/go.mod h1:VDjEfimB/XKnb+ZQfWdccd7VUvScMdVu0Titje2rxJ4=
github.com/go-playground/locales v0.14.0 h1:u50s323jtVGugKlcYeyzC0etD1HifMjqmJqb8WugfUU=
github.com/go-playground/locales v0.14.0/go.mod h1:sawfccIbzZTqEDETgFXqTho0QybSa7l++s0DH+LDiLs=
github.com/go-playground/universal-translator v0.18.0 h1:82dyy6p4OuJq4/CByFNOn/jYrnRPArHwAcmLoJZxyho=
github.com/go-playground/universal-translator v0.18.0/go.mod h1:UvRDBj+xPUEGrFYl+lu/H90nyDXpg0fqeB/AQUGNTVA=
github.com/go-playground/validator/v10 v10.10.0 h1:I7mrTYv78z8k8VXa/qJlOlEXn/nBh+BF8dHX5nt/dr0=
github.com/go-playground/validator/v10 v10.10.0/go.mod h1:74x4gJWsvQexRdW8Pn3dXSGrTK4nAUsbPlLADvpJkos=
github.com/goccy/go-json v0.9.7 h1:IcB+Aqpx/iMHu5Yooh7jEzJk1JZ7Pjtmys2ukPr7EeM=
github.com/goccy/go-json v0.9.7/go.mod h1:6MelG93GURQebXPDq3khkgXZkazVtN9CRI+MGFi0w8I=
github.com/golang/protobuf v1.5.0/go.mod h1:FsONVRAS9T7sI+LIUmWTfcYkHO4aIWwzhcaSAoJOfIk=
github.com/google/go-cmp v0.5.5/go.mod h1:v8dTdLbMG2kIc/vJvl+f65V22dbkXbowE6jgT/gNBxE=
github.com/google/go-cmp v0.5.8 h1:e6P7q2lk1O+qJJb4BtCQXlK8vWEO8V1ZeuEdJNOqZyg=
github.com/google/go-cmp v0.5.8/go.mod h1:17dUlkBOakJ0+DkrSSNjCkIjxS6bF9zb3elmeNGIjoY=
github.com/google/gofuzz v1.0.0/go.mod h1:dBl0BpW6vV/+mYPU4Po3pmUjxk6FQPldtuIdl/M65Eg=
github.com/jmespath/go-jmespath v0.4.0 h1:BEgLn5cpjn8UN1mAw4NjwDrS35OdebyEtFe+9YPoQUg=
github.com/jmespath/go-jmespath v0.4.0/go.mod h1:T8mJZnbsbmF+m6zOOFylbeCJqk5+pHWvzYPziyZiYoo=
github.com/jmespath/go-jmespath/internal/testify v1.5.1 h1:shLQSRRSCCPj3f2gpwzGwWFoC7ycTf1rcQZHOlsJ6N8=
github.com/jmespath/go-jmespath/internal/testify v1.5.1/go.mod h1:L3OGu8Wl2/fWfCI6z80xFu9LTZmf1ZRjMHUOPmWr69U=
github.com/joho/godotenv v1.4.0 h1:3l4+N6zfMWnkbPEXKng2o2/MR5mSwTrBih4ZEkkz1lg=
github.com/joho/godotenv v1.4.0/go.mod h1:f4LDr5Voq0i2e/R5DDNOoa2zzDfwtkZa6DnEwAbqwq4=
github.com/json-iterator/go v1.1.12 h1:PV8peI4a0ysnczrg+LtxykD8LfKY9ML6u2jnxaEnrnM=
github.com/json-iterator/go v1.1.12/go.mod h1:e30LSqwooZae/UwlEbR2852Gd8hjQvJoHmT4TnhNGBo=
github.com/kr/pretty v0.1.0/go.mod h1:dAy3ld7l9f0ibDNOQOHHMYYIIbhfbHSm3C4ZsoJORNo=
github.com/kr/pretty v0.2.1/go.mod h1:ipq/a2n7PKx3OHsz4KJII5eveXtPO4qwEXGdVfWzfnI=
github.com/kr/pretty v0.3.0 h1:WgNl7dwNpEZ6jJ9k1snq4pZsg7DOEN8hP9Xw0Tsjwk0=
github.com/kr/pretty v0.3.0/go.mod h1:640gp4NfQd8pI5XOwp5fnNeVWj67G7CFk/SaSQn7NBk=
github.com/kr/pty v1.1.1/go.mod h1:pFQYn66WHrOpPYNljwOMqo10TkYh1fy3cYio2l3bCsQ=
github.com/kr/text v0.1.0/go.mod h1:4Jbv+DJW3UT/LiOwJeYQe1efqtUx/iVham/4vfdArNI=
github.com/kr/text v0.2.0 h1:5Nx0Ya0ZqY2ygV366QzturHI13Jq95ApcVaJBhpS+AY=
github.com/kr/text v0.2.0/go.mod h1:eLer722TekiGuMkidMxC/pM04lWEeraHUUmBw8l2grE=
github.com/leodido/go-urn v1.2.1 h1:BqpAaACuzVSgi/VLzGZIobT2z4v53pjosyNd9Yv6n/w=
github.com/leodido/go-urn v1.2.1/go.mod h1:zt4jvISO2HfUBqxjfIshjdMTYS56ZS/qv49ictyFfxY=
github.com/mattn/go-isatty v0.0.14 h1:yVuAays6BHfxijgZPzw+3Zlu5yQgKGP2/hcQbHb7S9Y=
github.com/mattn/go-isatty v0.0.14/go.mod h1:7GGIvUiUoEMVVmxf/4nioHXj79iQHKdU27kJ6hsGG94=
github.com/modern-go/concurrent v0.0.0-20180228061459-e0a39a4cb421 h1:ZqeYNhU3OHLH3mGKHDcjJRFFRrJa6eAM5H+CtDdOsPc=
github.com/modern-go/concurrent v0.0.0-20180228061459-e0a39a4cb421/go.mod h1:6dJC0mAP4ikYIbvyc7fijjWJddQyLn8Ig3JB5CqoB9Q=
github.com/modern-go/reflect2 v1.0.2 h1:xBagoLtFs94CBntxluKeaWgTMpvLxC4ur3nMaC9Gz0M=
github.com/modern-go/reflect2 v1.0.2/go.mod h1:yWuevngMOJpCy52FWWMvUC8ws7m/LJsjYzDa0/r8luk=
github.com/pelletier/go-toml/v2 v2.0.1 h1:8e3L2cCQzLFi2CR4g7vGFuFxX7Jl1kKX8gW+iV0GUKU=
github.com/pelletier/go-toml/v2 v2.0.1/go.mod h1:r9LEWfGN8R5k0VXJ+0BkIe7MYkRdwZOjgMj2KwnJFUo=
github.com/pkg/diff v0.0.0-20210226163009-20ebb0f2a09e/go.mod h1:pJLUxLENpZxwdsKMEsNbx1VGcRFpLqf3715MtcvvzbA=
github.com/pkg/errors v0.9.1/go.mod h1:bwawxfHBFNV+L2hUp1rHADufV3IMtnDRdf1r5NINEl0=
github.com/pmezard/go-difflib v1.0.0 h1:4DBwDE0NGyQoBHbLQYPwSUPoCMWR5BEzIk/f1lZbAQM=
github.com/pmezard/go-difflib v1.0.0/go.mod h1:iKH77koFhYxTK1pcRnkKkqfTogsbg7gZNVY4sRDYZ/4=
github.com/rogpeppe/go-internal v1.6.1/go.mod h1:xXDCJY+GAPziupqXw64V24skbSoqbTEfhy4qGm1nDQc=
github.com/rogpeppe/go-internal v1.8.0 h1:FCbCCtXNOY3UtUuHUYaghJg4y7Fd14rXifAYUAtL9R8=
github.com/rogpeppe/go-internal v1.8.0/go.mod h1:WmiCO8CzOY8rg0OYDC4/i/2WRWAB6poM+XZ2dLUbcbE=
github.com/stretchr/objx v0.1.0/go.mod h1:HFkY916IF+rwdDfMAkV7OtwuqBVzrE8GR6GFx+wExME=
github.com/stretchr/objx v0.4.0/go.mod h1:YvHI0jy2hoMjB+UWwv71VJQ9isScKT/TqJzVSSt89Yw=
github.com/stretchr/testify v1.3.0/go.mod h1:M5WIy9Dh21IEIfnGCwXGc5bZfKNJtfHm1UVUgZn+9EI=
github.com/stretchr/testify v1.6.1/go.mod h1:6Fq8oRcR53rry900zMqJjRRixrwX3KX962/h/Wwjteg=
github.com/stretchr/testify v1.7.0/go.mod h1:6Fq8oRcR53rry900zMqJjRRixrwX3KX962/h/Wwjteg=
github.com/stretchr/testify v1.7.1/go.mod h1:6Fq8oRcR53rry900zMqJjRRixrwX3KX962/h/Wwjteg=
github.com/stretchr/testify v1.8.0 h1:pSgiaMZlXftHpm5L7V1+rVB+AZJydKsMxsQBIJw4PKk=
github.com/stretchr/testify v1.8.0/go.mod h1:yNjHg4UonilssWZ8iaSj1OCr/vHnekPRkoO+kdMU+MU=
github.com/ugorji/go v1.2.7/go.mod h1:nF9osbDWLy6bDVv/Rtoh6QgnvNDpmCalQV5urGCCS6M=
github.com/ugorji/go/codec v1.2.7 h1:YPXUKf7fYbp/y8xloBqZOw2qaVggbfwMlI8WM3wZUJ0=
github.com/ugorji/go/codec v1.2.7/go.mod h1:WGN1fab3R1fzQlVQTkfxVtIBhWDRqOviHU95kRgeqEY=
golang.org/x/crypto v0.0.0-20210711020723-a769d52b0f97 h1:/UOmuWzQfxxo9UtlXMwuQU8CMgg1eZXqTRwkSQJWKOI=
golang.org/x/crypto v0.0.0-20210711020723-a769d52b0f97/go.mod h1:GvvjBRRGRdwPK5ydBHafDWAxML/pGHZbMvKqRZ5+Abc=
golang.org/x/net v0.0.0-20210226172049-e18ecbb05110/go.mod h1:m0MpNAwzfU5UDzcl9v0D8zg8gWTRqZa9RBIspLL5mdg=
golang.org/x/net v0.0.0-20220127200216-cd36cc0744dd h1:O7DYs+zxREGLKzKoMQrtrEacpb0ZVXA5rIwylE2Xchk=
golang.org/x/net v0.0.0-20220127200216-cd36cc0744dd/go.mod h1:CfG3xpIq0wQ8r1q4Su4UZFWDARRcnwPjda9FqA0JpMk=
golang.org/x/sys v0.0.0-20201119102817-f84b799fce68/go.mod h1:h1NjWce9XRLGQEsW7wpKNCjG9DtNlClVuFLEZdDNbEs=
golang.org/x/sys v0.0.0-20210615035016-665e8c7367d1/go.mod h1:oPkhp1MJrh7nUepCBck5+mAzfO9JrbApNNgaTdGDITg=
golang.org/x/sys v0.0.0-20210630005230-0f9fa26af87c/go.mod h1:oPkhp1MJrh7nUepCBck5+mAzfO9JrbApNNgaTdGDITg=
golang.org/x/sys v0.0.0-20210806184541-e5e7981a1069/go.mod h1:oPkhp1MJrh7nUepCBck5+mAzfO9JrbApNNgaTdGDITg=
golang.org/x/sys v0.0.0-20211216021012-1d35b9e2eb4e h1:fLOSk5Q00efkSvAm+4xcoXD+RRmLmmulPn5I3Y9F2EM=
golang.org/x/sys v0.0.0-20211216021012-1d35b9e2eb4e/go.mod h1:oPkhp1MJrh7nUepCBck5+mAzfO9JrbApNNgaTdGDITg=
golang.org/x/term v0.0.0-20201126162022-7de9c90e9dd1/go.mod h1:bj7SfCRtBDWHUb9snDiAeCFNEtKQo2Wmx5Cou7ajbmo=
golang.org/x/term v0.0.0-20210927222741-03fcf44c2211/go.mod h1:jbD1KX2456YbFQfuXm/mYQcufACuNUgVhRMnK/tPxf8=
golang.org/x/text v0.3.3/go.mod h1:5Zoc/QRtKVWzQhOtBMvqHzDpF6irO9z98xDceosuGiQ=
golang.org/x/text v0.3.6/go.mod h1:5Zoc/QRtKVWzQhOtBMvqHzDpF6irO9z98xDceosuGiQ=
golang.org/x/text v0.3.7 h1:olpwvP2KacW1ZWvsR7uQhoyTYvKAupfQrRGBFM352Gk=
golang.org/x/text v0.3.7/go.mod h1:u+2+/6zg+i71rQMx5EYifcz6MCKuco9NR6JIITiCfzQ=
golang.org/x/tools v0.0.0-20180917221912-90fa682c2a6e/go.mod h1:n7NCudcB/nEzxVGmLbDWY5pfWTLqBcC2KZ6jyYvM4mQ=
golang.org/x/xerrors v0.0.0-20191204190536-9bdfabe68543/go.mod h1:I/5z698sn9Ka8TeJc9MKroUUfqBBauWjQqLJ2OPfmY0=
google.golang.org/protobuf v1.26.0-rc.1/go.mod h1:jlhhOSvTdKEhbULTjvd4ARK9grFBp09yW+WbY/TyQbw=
google.golang.org/protobuf v1.28.0 h1:w43yiav+6bVFTBQFZX0r7ipe9JQ1QsbMgHwbBziscLw=
google.golang.org/protobuf v1.28.0/go.mod h1:HV8QOd/L58Z+nl8r43ehVNZIU/HEI6OcFqwMG9pJV4I=
gopkg.in/check.v1 v0.0.0-20161208181325-20d25e280405/go.mod h1:Co6ibVJAznAaIkqp8huTwlJQCZ016jof/cbN4VW5Yz0=
gopkg.in/check.v1 v1.0.0-20180628173108-788fd7840127/go.mod h1:Co6ibVJAznAaIkqp8huTwlJQCZ016jof/cbN4VW5Yz0=
gopkg.in/check.v1 v1.0.0-20201130134442-10cb98267c6c h1:Hei/4ADfdWqJk1ZMxUNpqntNwaWcugrBjAiHlqqRiVk=
gopkg.in/check.v1 v1.0.0-20201130134442-10cb98267c6c/go.mod h1:JHkPIbrfpd72SG/EVd6muEfDQjcINNoR0C8j2r3qZ4Q=
gopkg.in/errgo.v2 v2.1.0/go.mod h1:hNsd1EY+bozCKY1Ytp96fpM3vjJbqLJn88ws8XvfDNI=
gopkg.in/yaml.v2 v2.2.8/go.mod h1:hI93XBmqTisBFMUTm0b8Fm+jr3Dg1NNxqwp+5A1VGuI=
gopkg.in/yaml.v2 v2.4.0 h1:D8xgwECY7CYvx+Y2n4sBz93Jn9JRvxdiyyo8CTfuKaY=
gopkg.in/yaml.v2 v2.4.0/go.mod h1:RDklbk79AGWmwhnvt/jBztapEOGDOx6ZbXqjP6csGnQ=
gopkg.in/yaml.v3 v3.0.0-20200313102051-9f266ea9e77c/go.mod h1:K4uyk7z7BCEPqu6E+C64Yfv1cQ7kz7rIZviUmN+EgEM=
gopkg.in/yaml.v3 v3.0.0-20210107192922-496545a6307b/go.mod h1:K4uyk7z7BCEPqu6E+C64Yfv1cQ7kz7rIZviUmN+EgEM=
gopkg.in/yaml.v3 v3.0.1 h1:fxVm/GzAzEWqLHuvctI91KS9hhNmmWOoWu0XTYJS7CA=
gopkg.in/yaml.v3 v3.0.1/go.mod h1:K4uyk7z7BCEPqu6E+C64Yfv1cQ7kz7rIZviUmN+EgEM=
